
Microsoft Visual Studio Solution File, Format Version 12.00
# Visual Studio Version 17
VisualStudioVersion = 17.5.002.0
MinimumVisualStudioVersion = 10.0.40219.1
Project("{9A19103F-16F7-4668-BE54-9A1E7A4F7556}") = "adventureNovel", "adventureNovel.csproj", "{E3557CBA-4557-45E6-B986-C3AB79F02331}"
EndProject
Global
	GlobalSection(SolutionConfigurationPlatforms) = preSolution
		Debug|Any CPU = Debug|Any CPU
		Release|Any CPU = Release|Any CPU
	EndGlobalSection
	GlobalSection(ProjectConfigurationPlatforms) = postSolution
		{E3557CBA-4557-45E6-B986-C3AB79F02331}.Debug|Any CPU.ActiveCfg = Debug|Any CPU
		{E3557CBA-4557-45E6-B986-C3AB79F02331}.Debug|Any CPU.Build.0 = Debug|Any CPU
		{E3557CBA-4557-45E6-B986-C3AB79F02331}.Release|Any CPU.ActiveCfg = Release|Any CPU
		{E3557CBA-4557-45E6-B986-C3AB79F02331}.Release|Any CPU.Build.0 = Release|Any CPU
	EndGlobalSection
	GlobalSection(SolutionProperties) = preSolution
		HideSolutionNode = FALSE
	EndGlobalSection
	GlobalSection(ExtensibilityGlobals) = postSolution
		SolutionGuid = {5A9D01F1-C105-43C8-B9A4-6BF62BB899E0}
	EndGlobalSection
EndGlobal
